
Microsoft Visual Studio Solution File, Format Version 12.00
# Visual Studio Version 16
VisualStudioVersion = 16.0.30204.135
MinimumVisualStudioVersion = 10.0.40219.1
Project("{FAE04EC0-301F-11D3-BF4B-00C04F79EFBC}") = "Lesson5_3StructDemo", "Lesson5_3StructDemo.csproj", "{74C302F4-14B3-4226-82C6-381BE1F3BB80}"
EndProject
Global
	GlobalSection(SolutionConfigurationPlatforms) = preSolution
		Debug|Any CPU = Debug|Any CPU
		Release|Any CPU = Release|Any CPU
	EndGlobalSection
	GlobalSection(ProjectConfigurationPlatforms) = postSolution
		{74C302F4-14B3-4226-82C6-381BE1F3BB80}.Debug|Any CPU.ActiveCfg = Debug|Any CPU
		{74C302F4-14B3-4226-82C6-381BE1F3BB80}.Debug|Any CPU.Build.0 = Debug|Any CPU
		{74C302F4-14B3-4226-82C6-381BE1F3BB80}.Release|Any CPU.ActiveCfg = Release|Any CPU
		{74C302F4-14B3-4226-82C6-381BE1F3BB80}.Release|Any CPU.Build.0 = Release|Any CPU
	EndGlobalSection
	GlobalSection(SolutionProperties) = preSolution
		HideSolutionNode = FALSE
	EndGlobalSection
	GlobalSection(ExtensibilityGlobals) = postSolution
		SolutionGuid = {52C6EE5E-CA8F-4BE6-ACD1-92A8DCCDEB32}
	EndGlobalSection
EndGlobal
